
Microsoft Visual Studio Solution File, Format Version 12.00
# Visual Studio Version 17
VisualStudioVersion = 17.7.34024.191
MinimumVisualStudioVersion = 10.0.40219.1
Project("{9A19103F-16F7-4668-BE54-9A1E7A4F7556}") = "stZ", "stProject\stZ.csproj", "{F6043507-F384-43A6-A359-D85D955FAF3B}"
EndProject
Project("{9A19103F-16F7-4668-BE54-9A1E7A4F7556}") = "stDataAccess", "st.dataAccess\stDataAccess.csproj", "{7CCBA049-7335-4B6C-A836-CF2E21ACF221}"
EndProject
Project("{9A19103F-16F7-4668-BE54-9A1E7A4F7556}") = "stUtility", "st.Utility\stUtility.csproj", "{DB8FD0EC-C82A-4A6E-925F-1B86D30C3122}"
EndProject
Project("{9A19103F-16F7-4668-BE54-9A1E7A4F7556}") = "stModels", "st.Models\stModels.csproj", "{51CD90D5-DBEE-4467-B85A-AA2D5D274EFE}"
EndProject
Project("{2150E333-8FDC-42A3-9474-1A3956D46DE8}") = "Solution Items", "Solution Items", "{7563A2A5-F67A-442C-AE94-4504E939315D}"
	ProjectSection(SolutionItems) = preProject
		.editorconfig = .editorconfig
	EndProjectSection
EndProject
Global
	GlobalSection(SolutionConfigurationPlatforms) = preSolution
		Debug|Any CPU = Debug|Any CPU
		Release|Any CPU = Release|Any CPU
	EndGlobalSection
	GlobalSection(ProjectConfigurationPlatforms) = postSolution
		{F6043507-F384-43A6-A359-D85D955FAF3B}.Debug|Any CPU.ActiveCfg = Debug|Any CPU
		{F6043507-F384-43A6-A359-D85D955FAF3B}.Debug|Any CPU.Build.0 = Debug|Any CPU
		{F6043507-F384-43A6-A359-D85D955FAF3B}.Release|Any CPU.ActiveCfg = Release|Any CPU
		{F6043507-F384-43A6-A359-D85D955FAF3B}.Release|Any CPU.Build.0 = Release|Any CPU
		{7CCBA049-7335-4B6C-A836-CF2E21ACF221}.Debug|Any CPU.ActiveCfg = Debug|Any CPU
		{7CCBA049-7335-4B6C-A836-CF2E21ACF221}.Debug|Any CPU.Build.0 = Debug|Any CPU
		{7CCBA049-7335-4B6C-A836-CF2E21ACF221}.Release|Any CPU.ActiveCfg = Release|Any CPU
		{7CCBA049-7335-4B6C-A836-CF2E21ACF221}.Release|Any CPU.Build.0 = Release|Any CPU
		{DB8FD0EC-C82A-4A6E-925F-1B86D30C3122}.Debug|Any CPU.ActiveCfg = Debug|Any CPU
		{DB8FD0EC-C82A-4A6E-925F-1B86D30C3122}.Debug|Any CPU.Build.0 = Debug|Any CPU
		{DB8FD0EC-C82A-4A6E-925F-1B86D30C3122}.Release|Any CPU.ActiveCfg = Release|Any CPU
		{DB8FD0EC-C82A-4A6E-925F-1B86D30C3122}.Release|Any CPU.Build.0 = Release|Any CPU
		{51CD90D5-DBEE-4467-B85A-AA2D5D274EFE}.Debug|Any CPU.ActiveCfg = Debug|Any CPU
		{51CD90D5-DBEE-4467-B85A-AA2D5D274EFE}.Debug|Any CPU.Build.0 = Debug|Any CPU
		{51CD90D5-DBEE-4467-B85A-AA2D5D274EFE}.Release|Any CPU.ActiveCfg = Release|Any CPU
		{51CD90D5-DBEE-4467-B85A-AA2D5D274EFE}.Release|Any CPU.Build.0 = Release|Any CPU
	EndGlobalSection
	GlobalSection(SolutionProperties) = preSolution
		HideSolutionNode = FALSE
	EndGlobalSection
	GlobalSection(ExtensibilityGlobals) = postSolution
		SolutionGuid = {C099BF2C-76F3-4004-86C4-50212C3AA45D}
	EndGlobalSection
EndGlobal
